// !$*UTF8*$!
{
	archiveVersion = 1;
	classes = {
	};
	objectVersion = 46;
	objects = {

/* Begin PBXBuildFile section */
		134A5E561E4627CC00F44FFE /* headerTableViewCell.swift in Sources */ = {isa = PBXBuildFile; fileRef = 134A5E541E4627CC00F44FFE /* headerTableViewCell.swift */; };
		134A5E571E4627CC00F44FFE /* headerTableViewCell.xib in Resources */ = {isa = PBXBuildFile; fileRef = 134A5E551E4627CC00F44FFE /* headerTableViewCell.xib */; };
		13C2FB571E45BE7E005F1A5C /* highscoreTableViewController.swift in Sources */ = {isa = PBXBuildFile; fileRef = 13C2FB551E45BE7E005F1A5C /* highscoreTableViewController.swift */; };
		13C2FB581E45BE7E005F1A5C /* highscoreTableViewController.xib in Resources */ = {isa = PBXBuildFile; fileRef = 13C2FB561E45BE7E005F1A5C /* highscoreTableViewController.xib */; };
		13C2FB5B1E45C1D9005F1A5C /* highScoreRowTableViewCell.swift in Sources */ = {isa = PBXBuildFile; fileRef = 13C2FB591E45C1D9005F1A5C /* highScoreRowTableViewCell.swift */; };
		13C2FB5C1E45C1D9005F1A5C /* tableRowView.xib in Resources */ = {isa = PBXBuildFile; fileRef = 13C2FB5A1E45C1D9005F1A5C /* tableRowView.xib */; };
		13C2FB5F1E45DD81005F1A5C /* highScoreCoreData.xcdatamodeld in Sources */ = {isa = PBXBuildFile; fileRef = 13C2FB5D1E45DD81005F1A5C /* highScoreCoreData.xcdatamodeld */; };
		13C2FB641E45E092005F1A5C /* MemoryEntity+CoreDataProperties.swift in Sources */ = {isa = PBXBuildFile; fileRef = 13C2FB621E45E092005F1A5C /* MemoryEntity+CoreDataProperties.swift */; };
		13C2FB651E45E092005F1A5C /* MemoryEntity.swift in Sources */ = {isa = PBXBuildFile; fileRef = 13C2FB631E45E092005F1A5C /* MemoryEntity.swift */; };
		13C2FB671E45E16C005F1A5C /* MemoryDataModel.swift in Sources */ = {isa = PBXBuildFile; fileRef = 13C2FB661E45E16C005F1A5C /* MemoryDataModel.swift */; };
		13E49D8F1E40E0C000CA6ED0 /* AppDelegate.swift in Sources */ = {isa = PBXBuildFile; fileRef = 13E49D8E1E40E0C000CA6ED0 /* AppDelegate.swift */; };
		13E49D911E40E0C000CA6ED0 /* ViewController.swift in Sources */ = {isa = PBXBuildFile; fileRef = 13E49D901E40E0C000CA6ED0 /* ViewController.swift */; };
		13E49D941E40E0C000CA6ED0 /* Main.storyboard in Resources */ = {isa = PBXBuildFile; fileRef = 13E49D921E40E0C000CA6ED0 /* Main.storyboard */; };
		13E49D961E40E0C100CA6ED0 /* Assets.xcassets in Resources */ = {isa = PBXBuildFile; fileRef = 13E49D951E40E0C100CA6ED0 /* Assets.xcassets */; };
		13E49D991E40E0C200CA6ED0 /* LaunchScreen.storyboard in Resources */ = {isa = PBXBuildFile; fileRef = 13E49D971E40E0C200CA6ED0 /* LaunchScreen.storyboard */; };
		13E49DA41E40E0C200CA6ED0 /* DemoMemoryGameTests.swift in Sources */ = {isa = PBXBuildFile; fileRef = 13E49DA31E40E0C200CA6ED0 /* DemoMemoryGameTests.swift */; };
		13E49DAF1E40E0C200CA6ED0 /* DemoMemoryGameUITests.swift in Sources */ = {isa = PBXBuildFile; fileRef = 13E49DAE1E40E0C200CA6ED0 /* DemoMemoryGameUITests.swift */; };
		13E49DDB1E40E5AC00CA6ED0 /* memoryViewController.swift in Sources */ = {isa = PBXBuildFile; fileRef = 13E49DDA1E40E5AC00CA6ED0 /* memoryViewController.swift */; };
		13E49DDD1E40EFBD00CA6ED0 /* MainView.swift in Sources */ = {isa = PBXBuildFile; fileRef = 13E49DDC1E40EFBD00CA6ED0 /* MainView.swift */; };
		13E49DDF1E40F26500CA6ED0 /* Card.swift in Sources */ = {isa = PBXBuildFile; fileRef = 13E49DDE1E40F26500CA6ED0 /* Card.swift */; };
		13E49DE21E41043700CA6ED0 /* utils.swift in Sources */ = {isa = PBXBuildFile; fileRef = 13E49DE11E41043700CA6ED0 /* utils.swift */; };
		13E49DE41E4108E400CA6ED0 /* MemoryDelegates.swift in Sources */ = {isa = PBXBuildFile; fileRef = 13E49DE31E4108E400CA6ED0 /* MemoryDelegates.swift */; };
/* End PBXBuildFile section */

/* Begin PBXContainerItemProxy section */
		13E49DA01E40E0C200CA6ED0 /* PBXContainerItemProxy */ = {
			isa = PBXContainerItemProxy;
			containerPortal = 13E49D831E40E0C000CA6ED0 /* Project object */;
			proxyType = 1;
			remoteGlobalIDString = 13E49D8A1E40E0C000CA6ED0;
			remoteInfo = DemoMemoryGame;
		};
		13E49DAB1E40E0C200CA6ED0 /* PBXContainerItemProxy */ = {
			isa = PBXContainerItemProxy;
			containerPortal = 13E49D831E40E0C000CA6ED0 /* Project object */;
			proxyType = 1;
			remoteGlobalIDString = 13E49D8A1E40E0C000CA6ED0;
			remoteInfo = DemoMemoryGame;
		};
/* End PBXContainerItemProxy section */

/* Begin PBXFileReference section */
		134A5E541E4627CC00F44FFE /* headerTableViewCell.swift */ = {isa = PBXFileReference; fileEncoding = 4; lastKnownFileType = sourcecode.swift; path = headerTableViewCell.swift; sourceTree = "<group>"; };
		134A5E551E4627CC00F44FFE /* headerTableViewCell.xib */ = {isa = PBXFileReference; fileEncoding = 4; lastKnownFileType = file.xib; path = headerTableViewCell.xib; sourceTree = "<group>"; };
		13C2FB551E45BE7E005F1A5C /* highscoreTableViewController.swift */ = {isa = PBXFileReference; fileEncoding = 4; lastKnownFileType = sourcecode.swift; path = highscoreTableViewController.swift; sourceTree = "<group>"; };
		13C2FB561E45BE7E005F1A5C /* highscoreTableViewController.xib */ = {isa = PBXFileReference; fileEncoding = 4; lastKnownFileType = file.xib; path = highscoreTableViewController.xib; sourceTree = "<group>"; };
		13C2FB591E45C1D9005F1A5C /* highScoreRowTableViewCell.swift */ = {isa = PBXFileReference; fileEncoding = 4; lastKnownFileType = sourcecode.swift; path = highScoreRowTableViewCell.swift; sourceTree = "<group>"; };
		13C2FB5A1E45C1D9005F1A5C /* tableRowView.xib */ = {isa = PBXFileReference; fileEncoding = 4; lastKnownFileType = file.xib; path = tableRowView.xib; sourceTree = "<group>"; };
		13C2FB5E1E45DD81005F1A5C /* highScoreCoreData.xcdatamodel */ = {isa = PBXFileReference; lastKnownFileType = wrapper.xcdatamodel; path = highScoreCoreData.xcdatamodel; sourceTree = "<group>"; };
		13C2FB621E45E092005F1A5C /* MemoryEntity+CoreDataProperties.swift */ = {isa = PBXFileReference; fileEncoding = 4; lastKnownFileType = sourcecode.swift; path = "MemoryEntity+CoreDataProperties.swift"; sourceTree = "<group>"; };
		13C2FB631E45E092005F1A5C /* MemoryEntity.swift */ = {isa = PBXFileReference; fileEncoding = 4; lastKnownFileType = sourcecode.swift; path = MemoryEntity.swift; sourceTree = "<group>"; };
		13C2FB661E45E16C005F1A5C /* MemoryDataModel.swift */ = {isa = PBXFileReference; fileEncoding = 4; lastKnownFileType = sourcecode.swift; path = MemoryDataModel.swift; sourceTree = "<group>"; };
		13E49D8B1E40E0C000CA6ED0 /* DemoMemoryGame.app */ = {isa = PBXFileReference; explicitFileType = wrapper.application; includeInIndex = 0; path = DemoMemoryGame.app; sourceTree = BUILT_PRODUCTS_DIR; };
		13E49D8E1E40E0C000CA6ED0 /* AppDelegate.swift */ = {isa = PBXFileReference; lastKnownFileType = sourcecode.swift; path = AppDelegate.swift; sourceTree = "<group>"; };
		13E49D901E40E0C000CA6ED0 /* ViewController.swift */ = {isa = PBXFileReference; lastKnownFileType = sourcecode.swift; path = ViewController.swift; sourceTree = "<group>"; };
		13E49D931E40E0C000CA6ED0 /* Base */ = {isa = PBXFileReference; lastKnownFileType = file.storyboard; name = Base; path = Base.lproj/Main.storyboard; sourceTree = "<group>"; };
		13E49D951E40E0C100CA6ED0 /* Assets.xcassets */ = {isa = PBXFileReference; lastKnownFileType = folder.assetcatalog; name = Assets.xcassets; path = DemoMemoryGame/Assets.xcassets; sourceTree = SOURCE_ROOT; };
		13E49D981E40E0C200CA6ED0 /* Base */ = {isa = PBXFileReference; lastKnownFileType = file.storyboard; name = Base; path = Base.lproj/LaunchScreen.storyboard; sourceTree = "<group>"; };
		13E49D9A1E40E0C200CA6ED0 /* Info.plist */ = {isa = PBXFileReference; lastKnownFileType = text.plist.xml; path = Info.plist; sourceTree = "<group>"; };
		13E49D9F1E40E0C200CA6ED0 /* DemoMemoryGameTests.xctest */ = {isa = PBXFileReference; explicitFileType = wrapper.cfbundle; includeInIndex = 0; path = DemoMemoryGameTests.xctest; sourceTree = BUILT_PRODUCTS_DIR; };
		13E49DA31E40E0C200CA6ED0 /* DemoMemoryGameTests.swift */ = {isa = PBXFileReference; lastKnownFileType = sourcecode.swift; path = DemoMemoryGameTests.swift; sourceTree = "<group>"; };
		13E49DA51E40E0C200CA6ED0 /* Info.plist */ = {isa = PBXFileReference; lastKnownFileType = text.plist.xml; path = Info.plist; sourceTree = "<group>"; };
		13E49DAA1E40E0C200CA6ED0 /* DemoMemoryGameUITests.xctest */ = {isa = PBXFileReference; explicitFileType = wrapper.cfbundle; includeInIndex = 0; path = DemoMemoryGameUITests.xctest; sourceTree = BUILT_PRODUCTS_DIR; };
		13E49DAE1E40E0C200CA6ED0 /* DemoMemoryGameUITests.swift */ = {isa = PBXFileReference; lastKnownFileType = sourcecode.swift; path = DemoMemoryGameUITests.swift; sourceTree = "<group>"; };
		13E49DB01E40E0C200CA6ED0 /* Info.plist */ = {isa = PBXFileReference; lastKnownFileType = text.plist.xml; path = Info.plist; sourceTree = "<group>"; };
		13E49DDA1E40E5AC00CA6ED0 /* memoryViewController.swift */ = {isa = PBXFileReference; fileEncoding = 4; lastKnownFileType = sourcecode.swift; path = memoryViewController.swift; sourceTree = "<group>"; };
		13E49DDC1E40EFBD00CA6ED0 /* MainView.swift */ = {isa = PBXFileReference; fileEncoding = 4; lastKnownFileType = sourcecode.swift; path = MainView.swift; sourceTree = "<group>"; };
		13E49DDE1E40F26500CA6ED0 /* Card.swift */ = {isa = PBXFileReference; fileEncoding = 4; lastKnownFileType = sourcecode.swift; path = Card.swift; sourceTree = "<group>"; };
		13E49DE11E41043700CA6ED0 /* utils.swift */ = {isa = PBXFileReference; fileEncoding = 4; lastKnownFileType = sourcecode.swift; path = utils.swift; sourceTree = "<group>"; };
		13E49DE31E4108E400CA6ED0 /* MemoryDelegates.swift */ = {isa = PBXFileReference; fileEncoding = 4; lastKnownFileType = sourcecode.swift; path = MemoryDelegates.swift; sourceTree = "<group>"; };
/* End PBXFileReference section */

/* Begin PBXFrameworksBuildPhase section */
		13E49D881E40E0C000CA6ED0 /* Frameworks */ = {
			isa = PBXFrameworksBuildPhase;
			buildActionMask = 2147483647;
			files = (
			);
			runOnlyForDeploymentPostprocessing = 0;
		};
		13E49D9C1E40E0C200CA6ED0 /* Frameworks */ = {
			isa = PBXFrameworksBuildPhase;
			buildActionMask = 2147483647;
			files = (
			);
			runOnlyForDeploymentPostprocessing = 0;
		};
		13E49DA71E40E0C200CA6ED0 /* Frameworks */ = {
			isa = PBXFrameworksBuildPhase;
			buildActionMask = 2147483647;
			files = (
			);
			runOnlyForDeploymentPostprocessing = 0;
		};
/* End PBXFrameworksBuildPhase section */

/* Begin PBXGroup section */
		13E49D821E40E0C000CA6ED0 = {
			isa = PBXGroup;
			children = (
				13E49D8D1E40E0C000CA6ED0 /* DemoMemoryGame */,
				13E49DA21E40E0C200CA6ED0 /* DemoMemoryGameTests */,
				13E49DAD1E40E0C200CA6ED0 /* DemoMemoryGameUITests */,
				13E49D8C1E40E0C000CA6ED0 /* Products */,
			);
			sourceTree = "<group>";
		};
		13E49D8C1E40E0C000CA6ED0 /* Products */ = {
			isa = PBXGroup;
			children = (
				13E49D8B1E40E0C000CA6ED0 /* DemoMemoryGame.app */,
				13E49D9F1E40E0C200CA6ED0 /* DemoMemoryGameTests.xctest */,
				13E49DAA1E40E0C200CA6ED0 /* DemoMemoryGameUITests.xctest */,
			);
			name = Products;
			sourceTree = "<group>";
		};
		13E49D8D1E40E0C000CA6ED0 /* DemoMemoryGame */ = {
			isa = PBXGroup;
			children = (
				13E49D8E1E40E0C000CA6ED0 /* AppDelegate.swift */,
				13E49DE01E4103FE00CA6ED0 /* utils */,
				13E49DD91E40E53400CA6ED0 /* View */,
				13E49DD81E40E51700CA6ED0 /* Model */,
				13E49DD71E40E4F300CA6ED0 /* Controller */,
				13E49D921E40E0C000CA6ED0 /* Main.storyboard */,
				13E49D951E40E0C100CA6ED0 /* Assets.xcassets */,
				13E49D971E40E0C200CA6ED0 /* LaunchScreen.storyboard */,
				13E49D9A1E40E0C200CA6ED0 /* Info.plist */,
			);
			path = DemoMemoryGame;
			sourceTree = "<group>";
		};
		13E49DA21E40E0C200CA6ED0 /* DemoMemoryGameTests */ = {
			isa = PBXGroup;
			children = (
				13E49DA31E40E0C200CA6ED0 /* DemoMemoryGameTests.swift */,
				13E49DA51E40E0C200CA6ED0 /* Info.plist */,
			);
			path = DemoMemoryGameTests;
			sourceTree = "<group>";
		};
		13E49DAD1E40E0C200CA6ED0 /* DemoMemoryGameUITests */ = {
			isa = PBXGroup;
			children = (
				13E49DAE1E40E0C200CA6ED0 /* DemoMemoryGameUITests.swift */,
				13E49DB01E40E0C200CA6ED0 /* Info.plist */,
			);
			path = DemoMemoryGameUITests;
			sourceTree = "<group>";
		};
		13E49DD71E40E4F300CA6ED0 /* Controller */ = {
			isa = PBXGroup;
			children = (
				13E49D901E40E0C000CA6ED0 /* ViewController.swift */,
				13E49DDA1E40E5AC00CA6ED0 /* memoryViewController.swift */,
			);
			name = Controller;
			sourceTree = "<group>";
		};
		13E49DD81E40E51700CA6ED0 /* Model */ = {
			isa = PBXGroup;
			children = (
				13C2FB5D1E45DD81005F1A5C /* highScoreCoreData.xcdatamodeld */,
				13C2FB621E45E092005F1A5C /* MemoryEntity+CoreDataProperties.swift */,
				13C2FB631E45E092005F1A5C /* MemoryEntity.swift */,
			);
			name = Model;
			sourceTree = "<group>";
		};
		13E49DD91E40E53400CA6ED0 /* View */ = {
			isa = PBXGroup;
			children = (
				13E49DDC1E40EFBD00CA6ED0 /* MainView.swift */,
				13E49DDE1E40F26500CA6ED0 /* Card.swift */,
				13C2FB551E45BE7E005F1A5C /* highscoreTableViewController.swift */,
				13C2FB591E45C1D9005F1A5C /* highScoreRowTableViewCell.swift */,
				13C2FB5A1E45C1D9005F1A5C /* tableRowView.xib */,
				134A5E541E4627CC00F44FFE /* headerTableViewCell.swift */,
				134A5E551E4627CC00F44FFE /* headerTableViewCell.xib */,
				13C2FB561E45BE7E005F1A5C /* highscoreTableViewController.xib */,
			);
			name = View;
			sourceTree = "<group>";
		};
		13E49DE01E4103FE00CA6ED0 /* utils */ = {
			isa = PBXGroup;
			children = (
				13E49DE11E41043700CA6ED0 /* utils.swift */,
				13C2FB661E45E16C005F1A5C /* MemoryDataModel.swift */,
				13E49DE31E4108E400CA6ED0 /* MemoryDelegates.swift */,
			);
			name = utils;
			sourceTree = "<group>";
		};
/* End PBXGroup section */

/* Begin PBXNativeTarget section */
		13E49D8A1E40E0C000CA6ED0 /* DemoMemoryGame */ = {
			isa = PBXNativeTarget;
			buildConfigurationList = 13E49DB31E40E0C200CA6ED0 /* Build configuration list for PBXNativeTarget "DemoMemoryGame" */;
			buildPhases = (
				13E49D871E40E0C000CA6ED0 /* Sources */,
				13E49D881E40E0C000CA6ED0 /* Frameworks */,
				13E49D891E40E0C000CA6ED0 /* Resources */,
			);
			buildRules = (
			);
			dependencies = (
			);
			name = DemoMemoryGame;
			productName = DemoMemoryGame;
			productReference = 13E49D8B1E40E0C000CA6ED0 /* DemoMemoryGame.app */;
			productType = "com.apple.product-type.application";
		};
		13E49D9E1E40E0C200CA6ED0 /* DemoMemoryGameTests */ = {
			isa = PBXNativeTarget;
			buildConfigurationList = 13E49DB61E40E0C200CA6ED0 /* Build configuration list for PBXNativeTarget "DemoMemoryGameTests" */;
			buildPhases = (
				13E49D9B1E40E0C200CA6ED0 /* Sources */,
				13E49D9C1E40E0C200CA6ED0 /* Frameworks */,
				13E49D9D1E40E0C200CA6ED0 /* Resources */,
			);
			buildRules = (
			);
			dependencies = (
				13E49DA11E40E0C200CA6ED0 /* PBXTargetDependency */,
			);
			name = DemoMemoryGameTests;
			productName = DemoMemoryGameTests;
			productReference = 13E49D9F1E40E0C200CA6ED0 /* DemoMemoryGameTests.xctest */;
			productType = "com.apple.product-type.bundle.unit-test";
		};
		13E49DA91E40E0C200CA6ED0 /* DemoMemoryGameUITests */ = {
			isa = PBXNativeTarget;
			buildConfigurationList = 13E49DB91E40E0C200CA6ED0 /* Build configuration list for PBXNativeTarget "DemoMemoryGameUITests" */;
			buildPhases = (
				13E49DA61E40E0C200CA6ED0 /* Sources */,
				13E49DA71E40E0C200CA6ED0 /* Frameworks */,
				13E49DA81E40E0C200CA6ED0 /* Resources */,
			);
			buildRules = (
			);
			dependencies = (
				13E49DAC1E40E0C200CA6ED0 /* PBXTargetDependency */,
			);
			name = DemoMemoryGameUITests;
			productName = DemoMemoryGameUITests;
			productReference = 13E49DAA1E40E0C200CA6ED0 /* DemoMemoryGameUITests.xctest */;
			productType = "com.apple.product-type.bundle.ui-testing";
		};
/* End PBXNativeTarget section */

/* Begin PBXProject section */
		13E49D831E40E0C000CA6ED0 /* Project object */ = {
			isa = PBXProject;
			attributes = {
				LastSwiftUpdateCheck = 0730;
				LastUpgradeCheck = 0730;
				ORGANIZATIONNAME = Manish;
				TargetAttributes = {
					13E49D8A1E40E0C000CA6ED0 = {
						CreatedOnToolsVersion = 7.3.1;
						SystemCapabilities = {
							com.apple.BackgroundModes = {
								enabled = 1;
							};
						};
					};
					13E49D9E1E40E0C200CA6ED0 = {
						CreatedOnToolsVersion = 7.3.1;
						DevelopmentTeam = YD3NBF7BJY;
						TestTargetID = 13E49D8A1E40E0C000CA6ED0;
					};
					13E49DA91E40E0C200CA6ED0 = {
						CreatedOnToolsVersion = 7.3.1;
						DevelopmentTeam = YD3NBF7BJY;
						TestTargetID = 13E49D8A1E40E0C000CA6ED0;
					};
				};
			};
			buildConfigurationList = 13E49D861E40E0C000CA6ED0 /* Build configuration list for PBXProject "DemoMemoryGame" */;
			compatibilityVersion = "Xcode 3.2";
			developmentRegion = English;
			hasScannedForEncodings = 0;
			knownRegions = (
				en,
				Base,
			);
			mainGroup = 13E49D821E40E0C000CA6ED0;
			productRefGroup = 13E49D8C1E40E0C000CA6ED0 /* Products */;
			projectDirPath = "";
			projectRoot = "";
			targets = (
				13E49D8A1E40E0C000CA6ED0 /* DemoMemoryGame */,
				13E49D9E1E40E0C200CA6ED0 /* DemoMemoryGameTests */,
				13E49DA91E40E0C200CA6ED0 /* DemoMemoryGameUITests */,
			);
		};
/* End PBXProject section */

/* Begin PBXResourcesBuildPhase section */
		13E49D891E40E0C000CA6ED0 /* Resources */ = {
			isa = PBXResourcesBuildPhase;
			buildActionMask = 2147483647;
			files = (
				13C2FB581E45BE7E005F1A5C /* highscoreTableViewController.xib in Resources */,
				13E49D991E40E0C200CA6ED0 /* LaunchScreen.storyboard in Resources */,
				13E49D961E40E0C100CA6ED0 /* Assets.xcassets in Resources */,
				13E49D941E40E0C000CA6ED0 /* Main.storyboard in Resources */,
				13C2FB5C1E45C1D9005F1A5C /* tableRowView.xib in Resources */,
				134A5E571E4627CC00F44FFE /* headerTableViewCell.xib in Resources */,
			);
			runOnlyForDeploymentPostprocessing = 0;
		};
		13E49D9D1E40E0C200CA6ED0 /* Resources */ = {
			isa = PBXResourcesBuildPhase;
			buildActionMask = 2147483647;
			files = (
			);
			runOnlyForDeploymentPostprocessing = 0;
		};
		13E49DA81E40E0C200CA6ED0 /* Resources */ = {
			isa = PBXResourcesBuildPhase;
			buildActionMask = 2147483647;
			files = (
			);
			runOnlyForDeploymentPostprocessing = 0;
		};
/* End PBXResourcesBuildPhase section */

/* Begin PBXSourcesBuildPhase section */
		13E49D871E40E0C000CA6ED0 /* Sources */ = {
			isa = PBXSourcesBuildPhase;
			buildActionMask = 2147483647;
			files = (
				13C2FB641E45E092005F1A5C /* MemoryEntity+CoreDataProperties.swift in Sources */,
				13C2FB571E45BE7E005F1A5C /* highscoreTableViewController.swift in Sources */,
				13E49D911E40E0C000CA6ED0 /* ViewController.swift in Sources */,
				13C2FB671E45E16C005F1A5C /* MemoryDataModel.swift in Sources */,
				13E49DE41E4108E400CA6ED0 /* MemoryDelegates.swift in Sources */,
				13E49DDD1E40EFBD00CA6ED0 /* MainView.swift in Sources */,
				13E49DDF1E40F26500CA6ED0 /* Card.swift in Sources */,
				13C2FB5B1E45C1D9005F1A5C /* highScoreRowTableViewCell.swift in Sources */,
				13C2FB651E45E092005F1A5C /* MemoryEntity.swift in Sources */,
				13E49DE21E41043700CA6ED0 /* utils.swift in Sources */,
				134A5E561E4627CC00F44FFE /* headerTableViewCell.swift in Sources */,
				13E49D8F1E40E0C000CA6ED0 /* AppDelegate.swift in Sources */,
				13E49DDB1E40E5AC00CA6ED0 /* memoryViewController.swift in Sources */,
				13C2FB5F1E45DD81005F1A5C /* highScoreCoreData.xcdatamodeld in Sources */,
			);
			runOnlyForDeploymentPostprocessing = 0;
		};
		13E49D9B1E40E0C200CA6ED0 /* Sources */ = {
			isa = PBXSourcesBuildPhase;
			buildActionMask = 2147483647;
			files = (
				13E49DA41E40E0C200CA6ED0 /* DemoMemoryGameTests.swift in Sources */,
			);
			runOnlyForDeploymentPostprocessing = 0;
		};
		13E49DA61E40E0C200CA6ED0 /* Sources */ = {
			isa = PBXSourcesBuildPhase;
			buildActionMask = 2147483647;
			files = (
				13E49DAF1E40E0C200CA6ED0 /* DemoMemoryGameUITests.swift in Sources */,
			);
			runOnlyForDeploymentPostprocessing = 0;
		};
/* End PBXSourcesBuildPhase section */

/* Begin PBXTargetDependency section */
		13E49DA11E40E0C200CA6ED0 /* PBXTargetDependency */ = {
			isa = PBXTargetDependency;
			target = 13E49D8A1E40E0C000CA6ED0 /* DemoMemoryGame */;
			targetProxy = 13E49DA01E40E0C200CA6ED0 /* PBXContainerItemProxy */;
		};
		13E49DAC1E40E0C200CA6ED0 /* PBXTargetDependency */ = {
			isa = PBXTargetDependency;
			target = 13E49D8A1E40E0C000CA6ED0 /* DemoMemoryGame */;
			targetProxy = 13E49DAB1E40E0C200CA6ED0 /* PBXContainerItemProxy */;
		};
/* End PBXTargetDependency section */

/* Begin PBXVariantGroup section */
		13E49D921E40E0C000CA6ED0 /* Main.storyboard */ = {
			isa = PBXVariantGroup;
			children = (
				13E49D931E40E0C000CA6ED0 /* Base */,
			);
			name = Main.storyboard;
			sourceTree = "<group>";
		};
		13E49D971E40E0C200CA6ED0 /* LaunchScreen.storyboard */ = {
			isa = PBXVariantGroup;
			children = (
				13E49D981E40E0C200CA6ED0 /* Base */,
			);
			name = LaunchScreen.storyboard;
			sourceTree = "<group>";
		};
/* End PBXVariantGroup section */

/* Begin XCBuildConfiguration section */
		13E49DB11E40E0C200CA6ED0 /* Debug */ = {
			isa = XCBuildConfiguration;
			buildSettings = {
				ALWAYS_SEARCH_USER_PATHS = NO;
				CLANG_ANALYZER_NONNULL = YES;
				CLANG_CXX_LANGUAGE_STANDARD = "gnu++0x";
				CLANG_CXX_LIBRARY = "libc++";
				CLANG_ENABLE_MODULES = YES;
				CLANG_ENABLE_OBJC_ARC = YES;
				CLANG_WARN_BOOL_CONVERSION = YES;
				CLANG_WARN_CONSTANT_CONVERSION = YES;
				CLANG_WARN_DIRECT_OBJC_ISA_USAGE = YES_ERROR;
				CLANG_WARN_EMPTY_BODY = YES;
				CLANG_WARN_ENUM_CONVERSION = YES;
				CLANG_WARN_INT_CONVERSION = YES;
				CLANG_WARN_OBJC_ROOT_CLASS = YES_ERROR;
				CLANG_WARN_UNREACHABLE_CODE = YES;
				CLANG_WARN__DUPLICATE_METHOD_MATCH = YES;
				"CODE_SIGN_IDENTITY[sdk=iphoneos*]" = "iPhone Developer";
				COPY_PHASE_STRIP = NO;
				DEBUG_INFORMATION_FORMAT = dwarf;
				ENABLE_STRICT_OBJC_MSGSEND = YES;
				ENABLE_TESTABILITY = YES;
				GCC_C_LANGUAGE_STANDARD = gnu99;
				GCC_DYNAMIC_NO_PIC = NO;
				GCC_NO_COMMON_BLOCKS = YES;
				GCC_OPTIMIZATION_LEVEL = 0;
				GCC_PREPROCESSOR_DEFINITIONS = (
					"DEBUG=1",
					"$(inherited)",
				);
				GCC_WARN_64_TO_32_BIT_CONVERSION = YES;
				GCC_WARN_ABOUT_RETURN_TYPE = YES_ERROR;
				GCC_WARN_UNDECLARED_SELECTOR = YES;
				GCC_WARN_UNINITIALIZED_AUTOS = YES_AGGRESSIVE;
				GCC_WARN_UNUSED_FUNCTION = YES;
				GCC_WARN_UNUSED_VARIABLE = YES;
				IPHONEOS_DEPLOYMENT_TARGET = 9.3;
				MTL_ENABLE_DEBUG_INFO = YES;
				ONLY_ACTIVE_ARCH = YES;
				SDKROOT = iphoneos;
				SWIFT_OPTIMIZATION_LEVEL = "-Onone";
				TARGETED_DEVICE_FAMILY = "1,2";
			};
			name = Debug;
		};
		13E49DB21E40E0C200CA6ED0 /* Release */ = {
			isa = XCBuildConfiguration;
			buildSettings = {
				ALWAYS_SEARCH_USER_PATHS = NO;
				CLANG_ANALYZER_NONNULL = YES;
				CLANG_CXX_LANGUAGE_STANDARD = "gnu++0x";
				CLANG_CXX_LIBRARY = "libc++";
				CLANG_ENABLE_MODULES = YES;
				CLANG_ENABLE_OBJC_ARC = YES;
				CLANG_WARN_BOOL_CONVERSION = YES;
				CLANG_WARN_CONSTANT_CONVERSION = YES;
				CLANG_WARN_DIRECT_OBJC_ISA_USAGE = YES_ERROR;
				CLANG_WARN_EMPTY_BODY = YES;
				CLANG_WARN_ENUM_CONVERSION = YES;
				CLANG_WARN_INT_CONVERSION = YES;
				CLANG_WARN_OBJC_ROOT_CLASS = YES_ERROR;
				CLANG_WARN_UNREACHABLE_CODE = YES;
				CLANG_WARN__DUPLICATE_METHOD_MATCH = YES;
				"CODE_SIGN_IDENTITY[sdk=iphoneos*]" = "iPhone Developer";
				COPY_PHASE_STRIP = NO;
				DEBUG_INFORMATION_FORMAT = "dwarf-with-dsym";
				ENABLE_NS_ASSERTIONS = NO;
				ENABLE_STRICT_OBJC_MSGSEND = YES;
				GCC_C_LANGUAGE_STANDARD = gnu99;
				GCC_NO_COMMON_BLOCKS = YES;
				GCC_WARN_64_TO_32_BIT_CONVERSION = YES;
				GCC_WARN_ABOUT_RETURN_TYPE = YES_ERROR;
				GCC_WARN_UNDECLARED_SELECTOR = YES;
				GCC_WARN_UNINITIALIZED_AUTOS = YES_AGGRESSIVE;
				GCC_WARN_UNUSED_FUNCTION = YES;
				GCC_WARN_UNUSED_VARIABLE = YES;
				IPHONEOS_DEPLOYMENT_TARGET = 9.3;
				MTL_ENABLE_DEBUG_INFO = NO;
				SDKROOT = iphoneos;
				TARGETED_DEVICE_FAMILY = "1,2";
				VALIDATE_PRODUCT = YES;
			};
			name = Release;
		};
		13E49DB41E40E0C200CA6ED0 /* Debug */ = {
			isa = XCBuildConfiguration;
			buildSettings = {
				ASSETCATALOG_COMPILER_APPICON_NAME = AppIcon;
				CODE_SIGN_IDENTITY = "iPhone Developer";
				INFOPLIST_FILE = DemoMemoryGame/Info.plist;
				IPHONEOS_DEPLOYMENT_TARGET = 8.0;
				LD_RUNPATH_SEARCH_PATHS = "$(inherited) @executable_path/Frameworks";
				PRODUCT_BUNDLE_IDENTIFIER = MYCOMPANY.DemoMemoryGame;
				PRODUCT_NAME = "$(TARGET_NAME)";
				PROVISIONING_PROFILE = "";
				TARGETED_DEVICE_FAMILY = 1;
			};
			name = Debug;
		};
		13E49DB51E40E0C200CA6ED0 /* Release */ = {
			isa = XCBuildConfiguration;
			buildSettings = {
				ASSETCATALOG_COMPILER_APPICON_NAME = AppIcon;
				CODE_SIGN_IDENTITY = "iPhone Developer";
				INFOPLIST_FILE = DemoMemoryGame/Info.plist;
				IPHONEOS_DEPLOYMENT_TARGET = 8.0;
				LD_RUNPATH_SEARCH_PATHS = "$(inherited) @executable_path/Frameworks";
				PRODUCT_BUNDLE_IDENTIFIER = MYCOMPANY.DemoMemoryGame;
				PRODUCT_NAME = "$(TARGET_NAME)";
				PROVISIONING_PROFILE = "";
				TARGETED_DEVICE_FAMILY = 1;
			};
			name = Release;
		};
		13E49DB71E40E0C200CA6ED0 /* Debug */ = {
			isa = XCBuildConfiguration;
			buildSettings = {
				BUNDLE_LOADER = "$(TEST_HOST)";
				INFOPLIST_FILE = DemoMemoryGameTests/Info.plist;
				LD_RUNPATH_SEARCH_PATHS = "$(inherited) @executable_path/Frameworks @loader_path/Frameworks";
				PRODUCT_BUNDLE_IDENTIFIER = MYCOMPANY.DemoMemoryGameTests;
				PRODUCT_NAME = "$(TARGET_NAME)";
				TEST_HOST = "$(BUILT_PRODUCTS_DIR)/DemoMemoryGame.app/DemoMemoryGame";
			};
			name = Debug;
		};
		13E49DB81E40E0C200CA6ED0 /* Release */ = {
			isa = XCBuildConfiguration;
			buildSettings = {
				BUNDLE_LOADER = "$(TEST_HOST)";
				INFOPLIST_FILE = DemoMemoryGameTests/Info.plist;
				LD_RUNPATH_SEARCH_PATHS = "$(inherited) @executable_path/Frameworks @loader_path/Frameworks";
				PRODUCT_BUNDLE_IDENTIFIER = MYCOMPANY.DemoMemoryGameTests;
				PRODUCT_NAME = "$(TARGET_NAME)";
				TEST_HOST = "$(BUILT_PRODUCTS_DIR)/DemoMemoryGame.app/DemoMemoryGame";
			};
			name = Release;
		};
		13E49DBA1E40E0C200CA6ED0 /* Debug */ = {
			isa = XCBuildConfiguration;
			buildSettings = {
				INFOPLIST_FILE = DemoMemoryGameUITests/Info.plist;
				LD_RUNPATH_SEARCH_PATHS = "$(inherited) @executable_path/Frameworks @loader_path/Frameworks";
				PRODUCT_BUNDLE_IDENTIFIER = MYCOMPANY.DemoMemoryGameUITests;
				PRODUCT_NAME = "$(TARGET_NAME)";
				TEST_TARGET_NAME = DemoMemoryGame;
			};
			name = Debug;
		};
		13E49DBB1E40E0C200CA6ED0 /* Release */ = {
			isa = XCBuildConfiguration;
			buildSettings = {
				INFOPLIST_FILE = DemoMemoryGameUITests/Info.plist;
				LD_RUNPATH_SEARCH_PATHS = "$(inherited) @executable_path/Frameworks @loader_path/Frameworks";
				PRODUCT_BUNDLE_IDENTIFIER = MYCOMPANY.DemoMemoryGameUITests;
				PRODUCT_NAME = "$(TARGET_NAME)";
				TEST_TARGET_NAME = DemoMemoryGame;
			};
			name = Release;
		};
/* End XCBuildConfiguration section */

/* Begin XCConfigurationList section */
		13E49D861E40E0C000CA6ED0 /* Build configuration list for PBXProject "DemoMemoryGame" */ = {
			isa = XCConfigurationList;
			buildConfigurations = (
				13E49DB11E40E0C200CA6ED0 /* Debug */,
				13E49DB21E40E0C200CA6ED0 /* Release */,
			);
			defaultConfigurationIsVisible = 0;
			defaultConfigurationName = Release;
		};
		13E49DB31E40E0C200CA6ED0 /* Build configuration list for PBXNativeTarget "DemoMemoryGame" */ = {
			isa = XCConfigurationList;
			buildConfigurations = (
				13E49DB41E40E0C200CA6ED0 /* Debug */,
				13E49DB51E40E0C200CA6ED0 /* Release */,
			);
			defaultConfigurationIsVisible = 0;
			defaultConfigurationName = Release;
		};
		13E49DB61E40E0C200CA6ED0 /* Build configuration list for PBXNativeTarget "DemoMemoryGameTests" */ = {
			isa = XCConfigurationList;
			buildConfigurations = (
				13E49DB71E40E0C200CA6ED0 /* Debug */,
				13E49DB81E40E0C200CA6ED0 /* Release */,
			);
			defaultConfigurationIsVisible = 0;
			defaultConfigurationName = Release;
		};
		13E49DB91E40E0C200CA6ED0 /* Build configuration list for PBXNativeTarget "DemoMemoryGameUITests" */ = {
			isa = XCConfigurationList;
			buildConfigurations = (
				13E49DBA1E40E0C200CA6ED0 /* Debug */,
				13E49DBB1E40E0C200CA6ED0 /* Release */,
			);
			defaultConfigurationIsVisible = 0;
			defaultConfigurationName = Release;
		};
/* End XCConfigurationList section */

/* Begin XCVersionGroup section */
		13C2FB5D1E45DD81005F1A5C /* highScoreCoreData.xcdatamodeld */ = {
			isa = XCVersionGroup;
			children = (
				13C2FB5E1E45DD81005F1A5C /* highScoreCoreData.xcdatamodel */,
			);
			currentVersion = 13C2FB5E1E45DD81005F1A5C /* highScoreCoreData.xcdatamodel */;
			path = highScoreCoreData.xcdatamodeld;
			sourceTree = "<group>";
			versionGroupType = wrapper.xcdatamodel;
		};
/* End XCVersionGroup section */
	};
	rootObject = 13E49D831E40E0C000CA6ED0 /* Project object */;
}
